
Microsoft Visual Studio Solution File, Format Version 12.00
# Visual Studio Version 16
VisualStudioVersion = 16.0.29905.134
MinimumVisualStudioVersion = 10.0.40219.1
Project("{9A19103F-16F7-4668-BE54-9A1E7A4F7556}") = "ClassLibraryNetCore", "ClassLibraryNetCore\ClassLibraryNetCore.csproj", "{0F37C3FD-FFE2-4DF1-A952-26605C9070DC}"
EndProject
Project("{FAE04EC0-301F-11D3-BF4B-00C04F79EFBC}") = "TestingLab", "TestingLab\TestingLab.csproj", "{C79B40D1-F4E4-4F8B-BC25-A1BC1131DBA0}"
EndProject
Global
	GlobalSection(SolutionConfigurationPlatforms) = preSolution
		Debug|Any CPU = Debug|Any CPU
		Release|Any CPU = Release|Any CPU
	EndGlobalSection
	GlobalSection(ProjectConfigurationPlatforms) = postSolution
		{0F37C3FD-FFE2-4DF1-A952-26605C9070DC}.Debug|Any CPU.ActiveCfg = Debug|Any CPU
		{0F37C3FD-FFE2-4DF1-A952-26605C9070DC}.Debug|Any CPU.Build.0 = Debug|Any CPU
		{0F37C3FD-FFE2-4DF1-A952-26605C9070DC}.Release|Any CPU.ActiveCfg = Release|Any CPU
		{0F37C3FD-FFE2-4DF1-A952-26605C9070DC}.Release|Any CPU.Build.0 = Release|Any CPU
		{C79B40D1-F4E4-4F8B-BC25-A1BC1131DBA0}.Debug|Any CPU.ActiveCfg = Debug|Any CPU
		{C79B40D1-F4E4-4F8B-BC25-A1BC1131DBA0}.Debug|Any CPU.Build.0 = Debug|Any CPU
		{C79B40D1-F4E4-4F8B-BC25-A1BC1131DBA0}.Release|Any CPU.ActiveCfg = Release|Any CPU
		{C79B40D1-F4E4-4F8B-BC25-A1BC1131DBA0}.Release|Any CPU.Build.0 = Release|Any CPU
	EndGlobalSection
	GlobalSection(SolutionProperties) = preSolution
		HideSolutionNode = FALSE
	EndGlobalSection
	GlobalSection(ExtensibilityGlobals) = postSolution
		SolutionGuid = {57EC56D0-CA34-474F-8760-6035E62C5999}
	EndGlobalSection
EndGlobal
