
Microsoft Visual Studio Solution File, Format Version 12.00
# Visual Studio Version 16
VisualStudioVersion = 16.0.30104.148
MinimumVisualStudioVersion = 10.0.40219.1
Project("{FAE04EC0-301F-11D3-BF4B-00C04F79EFBC}") = "RazorPagesMovie", "RazorPagesMovie\RazorPagesMovie.csproj", "{9431A040-C1B4-4AAC-9606-52F89FC7219D}"
EndProject
Project("{FAE04EC0-301F-11D3-BF4B-00C04F79EFBC}") = "PostComment", "PostComment\PostComment.csproj", "{F95250D9-1037-4D70-B7F2-CBC058A7C860}"
EndProject
Project("{FAE04EC0-301F-11D3-BF4B-00C04F79EFBC}") = "ObjectWCF", "ObjectWCF\ObjectWCF.csproj", "{BFF999B2-934A-4317-9717-1FDCF0CC1F3E}"
EndProject
Project("{FAE04EC0-301F-11D3-BF4B-00C04F79EFBC}") = "HostWCF", "HostWCF\HostWCF.csproj", "{2D2E4F27-BE37-4481-AA9C-307BD105EC58}"
EndProject
Global
	GlobalSection(SolutionConfigurationPlatforms) = preSolution
		Debug|Any CPU = Debug|Any CPU
		Release|Any CPU = Release|Any CPU
	EndGlobalSection
	GlobalSection(ProjectConfigurationPlatforms) = postSolution
		{9431A040-C1B4-4AAC-9606-52F89FC7219D}.Debug|Any CPU.ActiveCfg = Debug|Any CPU
		{9431A040-C1B4-4AAC-9606-52F89FC7219D}.Debug|Any CPU.Build.0 = Debug|Any CPU
		{9431A040-C1B4-4AAC-9606-52F89FC7219D}.Release|Any CPU.ActiveCfg = Release|Any CPU
		{9431A040-C1B4-4AAC-9606-52F89FC7219D}.Release|Any CPU.Build.0 = Release|Any CPU
		{F95250D9-1037-4D70-B7F2-CBC058A7C860}.Debug|Any CPU.ActiveCfg = Debug|Any CPU
		{F95250D9-1037-4D70-B7F2-CBC058A7C860}.Debug|Any CPU.Build.0 = Debug|Any CPU
		{F95250D9-1037-4D70-B7F2-CBC058A7C860}.Release|Any CPU.ActiveCfg = Release|Any CPU
		{F95250D9-1037-4D70-B7F2-CBC058A7C860}.Release|Any CPU.Build.0 = Release|Any CPU
		{BFF999B2-934A-4317-9717-1FDCF0CC1F3E}.Debug|Any CPU.ActiveCfg = Debug|Any CPU
		{BFF999B2-934A-4317-9717-1FDCF0CC1F3E}.Debug|Any CPU.Build.0 = Debug|Any CPU
		{BFF999B2-934A-4317-9717-1FDCF0CC1F3E}.Release|Any CPU.ActiveCfg = Release|Any CPU
		{BFF999B2-934A-4317-9717-1FDCF0CC1F3E}.Release|Any CPU.Build.0 = Release|Any CPU
		{2D2E4F27-BE37-4481-AA9C-307BD105EC58}.Debug|Any CPU.ActiveCfg = Debug|Any CPU
		{2D2E4F27-BE37-4481-AA9C-307BD105EC58}.Debug|Any CPU.Build.0 = Debug|Any CPU
		{2D2E4F27-BE37-4481-AA9C-307BD105EC58}.Release|Any CPU.ActiveCfg = Release|Any CPU
		{2D2E4F27-BE37-4481-AA9C-307BD105EC58}.Release|Any CPU.Build.0 = Release|Any CPU
	EndGlobalSection
	GlobalSection(SolutionProperties) = preSolution
		HideSolutionNode = FALSE
	EndGlobalSection
	GlobalSection(ExtensibilityGlobals) = postSolution
		SolutionGuid = {A2079283-9044-4EFC-A7CB-AB8C026FF950}
	EndGlobalSection
EndGlobal
