
Microsoft Visual Studio Solution File, Format Version 12.00
# Visual Studio Version 16
VisualStudioVersion = 16.0.29905.134
MinimumVisualStudioVersion = 10.0.40219.1
Project("{FAE04EC0-301F-11D3-BF4B-00C04F79EFBC}") = "EF-StudiiDeCaz", "EF-StudiiDeCaz\EF-StudiiDeCaz.csproj", "{C9D82C2F-7AE2-4315-9809-4462A98F34FD}"
EndProject
Global
	GlobalSection(SolutionConfigurationPlatforms) = preSolution
		Debug|Any CPU = Debug|Any CPU
		Release|Any CPU = Release|Any CPU
	EndGlobalSection
	GlobalSection(ProjectConfigurationPlatforms) = postSolution
		{C9D82C2F-7AE2-4315-9809-4462A98F34FD}.Debug|Any CPU.ActiveCfg = Debug|Any CPU
		{C9D82C2F-7AE2-4315-9809-4462A98F34FD}.Debug|Any CPU.Build.0 = Debug|Any CPU
		{C9D82C2F-7AE2-4315-9809-4462A98F34FD}.Release|Any CPU.ActiveCfg = Release|Any CPU
		{C9D82C2F-7AE2-4315-9809-4462A98F34FD}.Release|Any CPU.Build.0 = Release|Any CPU
	EndGlobalSection
	GlobalSection(SolutionProperties) = preSolution
		HideSolutionNode = FALSE
	EndGlobalSection
	GlobalSection(ExtensibilityGlobals) = postSolution
		SolutionGuid = {AF18A91F-1486-40D9-867E-A5F450BCC2D0}
	EndGlobalSection
EndGlobal
