
Microsoft Visual Studio Solution File, Format Version 12.00
# Visual Studio Version 16
VisualStudioVersion = 16.0.29905.134
MinimumVisualStudioVersion = 10.0.40219.1
Project("{FAE04EC0-301F-11D3-BF4B-00C04F79EFBC}") = "PostComment", "PostComment\PostComment.csproj", "{7BC9D4B0-699C-48E7-BE63-F484024D559E}"
EndProject
Project("{FAE04EC0-301F-11D3-BF4B-00C04F79EFBC}") = "ObjectWCF", "ObjectWCF\ObjectWCF.csproj", "{7AE5A96E-6829-46B1-98D8-2B32CF3BDF36}"
EndProject
Project("{FAE04EC0-301F-11D3-BF4B-00C04F79EFBC}") = "HostWCF", "HostWCF\HostWCF.csproj", "{1A971A4E-3673-4477-8A77-0AD865DF98D4}"
EndProject
Project("{FAE04EC0-301F-11D3-BF4B-00C04F79EFBC}") = "ClientPostComment", "ClientPostComment\ClientPostComment.csproj", "{8BE36D4C-F84B-4C3F-B58E-27A3748C6458}"
EndProject
Global
	GlobalSection(SolutionConfigurationPlatforms) = preSolution
		Debug|Any CPU = Debug|Any CPU
		Release|Any CPU = Release|Any CPU
	EndGlobalSection
	GlobalSection(ProjectConfigurationPlatforms) = postSolution
		{7BC9D4B0-699C-48E7-BE63-F484024D559E}.Debug|Any CPU.ActiveCfg = Debug|Any CPU
		{7BC9D4B0-699C-48E7-BE63-F484024D559E}.Debug|Any CPU.Build.0 = Debug|Any CPU
		{7BC9D4B0-699C-48E7-BE63-F484024D559E}.Release|Any CPU.ActiveCfg = Release|Any CPU
		{7BC9D4B0-699C-48E7-BE63-F484024D559E}.Release|Any CPU.Build.0 = Release|Any CPU
		{7AE5A96E-6829-46B1-98D8-2B32CF3BDF36}.Debug|Any CPU.ActiveCfg = Debug|Any CPU
		{7AE5A96E-6829-46B1-98D8-2B32CF3BDF36}.Debug|Any CPU.Build.0 = Debug|Any CPU
		{7AE5A96E-6829-46B1-98D8-2B32CF3BDF36}.Release|Any CPU.ActiveCfg = Release|Any CPU
		{7AE5A96E-6829-46B1-98D8-2B32CF3BDF36}.Release|Any CPU.Build.0 = Release|Any CPU
		{1A971A4E-3673-4477-8A77-0AD865DF98D4}.Debug|Any CPU.ActiveCfg = Debug|Any CPU
		{1A971A4E-3673-4477-8A77-0AD865DF98D4}.Debug|Any CPU.Build.0 = Debug|Any CPU
		{1A971A4E-3673-4477-8A77-0AD865DF98D4}.Release|Any CPU.ActiveCfg = Release|Any CPU
		{1A971A4E-3673-4477-8A77-0AD865DF98D4}.Release|Any CPU.Build.0 = Release|Any CPU
		{8BE36D4C-F84B-4C3F-B58E-27A3748C6458}.Debug|Any CPU.ActiveCfg = Debug|Any CPU
		{8BE36D4C-F84B-4C3F-B58E-27A3748C6458}.Debug|Any CPU.Build.0 = Debug|Any CPU
		{8BE36D4C-F84B-4C3F-B58E-27A3748C6458}.Release|Any CPU.ActiveCfg = Release|Any CPU
		{8BE36D4C-F84B-4C3F-B58E-27A3748C6458}.Release|Any CPU.Build.0 = Release|Any CPU
	EndGlobalSection
	GlobalSection(SolutionProperties) = preSolution
		HideSolutionNode = FALSE
	EndGlobalSection
	GlobalSection(ExtensibilityGlobals) = postSolution
		SolutionGuid = {6995DE77-6F60-4121-9C1F-1825CE0EA0EF}
	EndGlobalSection
EndGlobal
